{
  "name": "medisell_mern",
  "lockfileVersion": 2,
  "requires": true,
  "packages": {
    "": {
      "dependencies": {
        "mongoose-aggregate-paginate-v2": "^1.1.2"
      }
    },
    "node_modules/mongoose-aggregate-paginate-v2": {
      "version": "1.1.2",
      "resolved": "https://registry.npmjs.org/mongoose-aggregate-paginate-v2/-/mongoose-aggregate-paginate-v2-1.1.2.tgz",
      "integrity": "sha512-Ai478tHedZy3U2ITBEp2H4rQEviRan3TK4p/umlFqIzgPF1R0hNKvzzQGIb1l2h+Z32QLU3NqaoWKu4vOOUElQ==",
      "engines": {
        "node": ">=4.0.0"
      }
    }
  },
  "dependencies": {
    "mongoose-aggregate-paginate-v2": {
      "version": "1.1.2",
      "resolved": "https://registry.npmjs.org/mongoose-aggregate-paginate-v2/-/mongoose-aggregate-paginate-v2-1.1.2.tgz",
      "integrity": "sha512-Ai478tHedZy3U2ITBEp2H4rQEviRan3TK4p/umlFqIzgPF1R0hNKvzzQGIb1l2h+Z32QLU3NqaoWKu4vOOUElQ=="
    }
  }
}
